
Microsoft Visual Studio Solution File, Format Version 12.00
# Visual Studio Version 17
VisualStudioVersion = 17.11.35312.102
MinimumVisualStudioVersion = 10.0.40219.1
Project("{FAE04EC0-301F-11D3-BF4B-00C04F79EFBC}") = "telebirr payment integration", "telebirr payment integration.csproj", "{89125FF3-4F9E-49AD-9909-068FF2ABBBFC}"
EndProject
Global
	GlobalSection(SolutionConfigurationPlatforms) = preSolution
		Debug|Any CPU = Debug|Any CPU
		Release|Any CPU = Release|Any CPU
	EndGlobalSection
	GlobalSection(ProjectConfigurationPlatforms) = postSolution
		{89125FF3-4F9E-49AD-9909-068FF2ABBBFC}.Debug|Any CPU.ActiveCfg = Debug|Any CPU
		{89125FF3-4F9E-49AD-9909-068FF2ABBBFC}.Debug|Any CPU.Build.0 = Debug|Any CPU
		{89125FF3-4F9E-49AD-9909-068FF2ABBBFC}.Release|Any CPU.ActiveCfg = Release|Any CPU
		{89125FF3-4F9E-49AD-9909-068FF2ABBBFC}.Release|Any CPU.Build.0 = Release|Any CPU
	EndGlobalSection
	GlobalSection(SolutionProperties) = preSolution
		HideSolutionNode = FALSE
	EndGlobalSection
	GlobalSection(ExtensibilityGlobals) = postSolution
		SolutionGuid = {3644B0F8-2710-4E37-827B-60B883D8606B}
	EndGlobalSection
EndGlobal
